[[package]]
category = "dev"
description = "Version-bump your software with a single command!"
name = "bumpversion"
optional = false
python-versions = "*"
version = "0.5.3"

[[package]]
category = "dev"
description = "httplib2 caching for requests"
name = "cachecontrol"
optional = false
python-versions = ">=2.7, !=3.0.*, !=3.1.*, !=3.2.*, !=3.3.*"
version = "0.12.5"

[package.dependencies]
lockfile = ">=0.9"
msgpack = "*"
requests = "*"

[[package]]
category = "dev"
description = "Cachy provides a simple yet effective caching library."
name = "cachy"
optional = false
python-versions = ">=2.7, !=3.0.*, !=3.1.*, !=3.2.*, !=3.3.*"
version = "0.2.0"

[[package]]
category = "dev"
description = "Python package for providing Mozilla's CA Bundle."
name = "certifi"
optional = false
python-versions = "*"
version = "2019.3.9"

[[package]]
category = "dev"
description = "Universal encoding detector for Python 2 and 3"
name = "chardet"
optional = false
python-versions = "*"
version = "3.0.4"

[[package]]
category = "dev"
description = "Cleo allows you to create beautiful and testable command-line interfaces."
name = "cleo"
optional = false
python-versions = ">=2.7, !=3.0.*, !=3.1.*, !=3.2.*, !=3.3.*"
version = "0.6.8"

[package.dependencies]
pastel = ">=0.1.0,<0.2.0"
pylev = ">=1.3,<2.0"

[[package]]
category = "main"
description = "Convex optimization package"
name = "cvxopt"
optional = true
python-versions = "*"
version = "1.2.3"

[[package]]
category = "main"
description = "A domain-specific language for modeling convex optimization problems in Python."
name = "cvxpy"
optional = true
python-versions = "*"
version = "1.0.21"

[package.dependencies]
ecos = ">=2"
fastcache = "*"
multiprocess = "*"
numpy = ">=1.15"
osqp = "*"
scipy = ">=1.1.0"
scs = ">=1.1.3"
six = "*"

[[package]]
category = "main"
description = "serialize all of python"
name = "dill"
optional = true
python-versions = ">=2.5, !=3.0.*"
version = "0.2.9"

[[package]]
category = "main"
description = "This is the Python package for ECOS: Embedded Cone Solver. See Github page for more information."
name = "ecos"
optional = true
python-versions = "*"
version = "2.0.7.post1"

[package.dependencies]
numpy = ">=1.6"
scipy = ">=0.9"

[[package]]
category = "main"
description = "C implementation of Python 3 functools.lru_cache"
name = "fastcache"
optional = true
python-versions = "*"
version = "1.0.2"

[[package]]
category = "main"
description = "Clean single-source support for Python 3 and 2"
name = "future"
optional = true
python-versions = ">=2.6, !=3.0.*, !=3.1.*, !=3.2.*"
version = "0.17.1"

[[package]]
category = "dev"
description = "HTML parser based on the WHATWG HTML specification"
name = "html5lib"
optional = false
python-versions = "*"
version = "1.0.1"

[package.dependencies]
six = ">=1.9"
webencodings = "*"

[[package]]
category = "dev"
description = "Internationalized Domain Names in Applications (IDNA)"
name = "idna"
optional = false
python-versions = ">=2.7, !=3.0.*, !=3.1.*, !=3.2.*, !=3.3.*"
version = "2.8"

[[package]]
category = "dev"
description = "An implementation of JSON Schema validation for Python"
name = "jsonschema"
optional = false
python-versions = "*"
version = "2.6.0"

[[package]]
category = "dev"
description = "Platform-independent file locking module"
marker = "extra == \"filecache\""
name = "lockfile"
optional = false
python-versions = "*"
version = "0.12.2"

[[package]]
category = "dev"
description = "MessagePack (de)serializer."
name = "msgpack"
optional = false
python-versions = "*"
version = "0.6.1"

[[package]]
category = "main"
description = "better multiprocessing and multithreading in python"
name = "multiprocess"
optional = true
python-versions = "*"
version = "0.70.7"

[package.dependencies]
dill = ">=0.2.9"

[[package]]
category = "main"
description = "NumPy is the fundamental package for array computing with Python."
name = "numpy"
optional = false
python-versions = ">=2.7,!=3.0.*,!=3.1.*,!=3.2.*,!=3.3.*"
version = "1.16.2"

[[package]]
category = "main"
description = "OSQP: The Operator Splitting QP Solver"
name = "osqp"
optional = true
python-versions = "*"
version = "0.5.0"

[package.dependencies]
future = "*"
numpy = ">=1.7"
scipy = ">=0.13.2"

[[package]]
category = "dev"
description = "Bring colors to your terminal."
name = "pastel"
optional = false
python-versions = "*"
version = "0.1.0"

[[package]]
category = "dev"
description = "Query metadatdata from sdists / bdists / installed packages."
name = "pkginfo"
optional = false
python-versions = "*"
version = "1.5.0.1"

[[package]]
category = "dev"
description = "Python dependency management and packaging made easy."
name = "poetry"
optional = false
python-versions = ">=2.7, !=3.0.*, !=3.1.*, !=3.2.*, !=3.3.*"
version = "0.10.3"

[package.dependencies]
cachecontrol = ">=0.12.4,<0.13.0"
cachy = ">=0.2,<0.3"
cleo = ">=0.6.6,<0.7.0"
html5lib = ">=1.0,<2.0"
jsonschema = ">=2.6,<3.0"
pkginfo = ">=1.4,<2.0"
pyparsing = ">=2.2,<3.0"
pyrsistent = ">=0.14.2,<0.15.0"
requests = ">=2.18,<3.0"
requests-toolbelt = ">=0.8.0,<0.9.0"
toml = ">=0.9,<0.10"

[[package]]
category = "dev"
description = "A pure Python Levenshtein implementation that's not freaking GPL'd."
name = "pylev"
optional = false
python-versions = "*"
version = "1.3.0"

[[package]]
category = "dev"
description = "Python parsing module"
name = "pyparsing"
optional = false
python-versions = "*"
version = "2.3.1"

[[package]]
category = "dev"
description = "Persistent/Functional/Immutable data structures"
name = "pyrsistent"
optional = false
python-versions = "*"
version = "0.14.11"

[package.dependencies]
six = "*"

[[package]]
category = "dev"
description = "Python HTTP for Humans."
name = "requests"
optional = false
python-versions = ">=2.7, !=3.0.*, !=3.1.*, !=3.2.*, !=3.3.*"
version = "2.21.0"

[package.dependencies]
certifi = ">=2017.4.17"
chardet = ">=3.0.2,<3.1.0"
idna = ">=2.5,<2.9"
urllib3 = ">=1.21.1,<1.25"

[[package]]
category = "dev"
description = "A utility belt for advanced users of python-requests"
name = "requests-toolbelt"
optional = false
python-versions = "*"
version = "0.8.0"

[package.dependencies]
requests = ">=2.0.1,<3.0.0"

[[package]]
category = "main"
description = "SciPy: Scientific Library for Python"
name = "scipy"
optional = true
python-versions = ">=2.7,!=3.0.*,!=3.1.*,!=3.2.*,!=3.3.*"
version = "1.2.1"

[package.dependencies]
numpy = ">=1.8.2"

[[package]]
category = "main"
description = "scs: splitting conic solver"
name = "scs"
optional = true
python-versions = "*"
version = "2.0.2"

[package.dependencies]
numpy = ">=1.7"
scipy = ">=0.13.2"

[[package]]
category = "main"
description = "Python 2 and 3 compatibility utilities"
name = "six"
optional = false
python-versions = ">=2.6, !=3.0.*, !=3.1.*"
version = "1.12.0"

[[package]]
category = "dev"
description = "Python Library for Tom's Obvious, Minimal Language"
name = "toml"
optional = false
python-versions = "*"
version = "0.9.6"

[[package]]
category = "main"
description = "Fast, Extensible Progress Meter"
name = "tqdm"
optional = false
python-versions = ">=2.6, !=3.0.*, !=3.1.*"
version = "4.31.1"

[[package]]
category = "dev"
description = "HTTP library with thread-safe connection pooling, file post, and more."
name = "urllib3"
optional = false
python-versions = ">=2.7, !=3.0.*, !=3.1.*, !=3.2.*, !=3.3.*, <4"
version = "1.24.1"

[[package]]
category = "dev"
description = "Character encoding aliases for legacy web content"
name = "webencodings"
optional = false
python-versions = "*"
version = "0.5.1"

[extras]
test = ["scipy", "cvxpy", "cvxopt"]

[metadata]
content-hash = "0550504861b1cdc8803a129b05f3096f37ed5f80064cec93fb6ea53def139a1f"
python-versions = "^3.5"

[metadata.hashes]
bumpversion = ["6744c873dd7aafc24453d8b6a1a0d6d109faf63cd0cd19cb78fd46e74932c77e", "6753d9ff3552013e2130f7bc03c1007e24473b4835952679653fb132367bdd57"]
cachecontrol = ["cef77effdf51b43178f6a2d3b787e3734f98ade253fa3187f3bb7315aaa42ff7"]
cachy = ["b71513e5a38ce90c1280c02b7d8d6bb3fdf64666c9cc0584f2479afea097d56c", "b71e8e7ddb5b386e23e81befdfac8a93885406139b8681bedc17b3444fcb8fca"]
certifi = ["59b7658e26ca9c7339e00f8f4636cdfe59d34fa37b9b04f6f9e9926b3cece1a5", "b26104d6835d1f5e49452a26eb2ff87fe7090b89dfcaee5ea2212697e1e1d7ae"]
chardet = ["84ab92ed1c4d4f16916e05906b6b75a6c0fb5db821cc65e70cbd64a3e2a5eaae", "fc323ffcaeaed0e0a02bf4d117757b98aed530d9ed4531e3e15460124c106691"]
cleo = ["85a63076b72ca376fb06668be1fc7758dc16740b394783d5cc65200c4b32f71b", "9b7f79f1aa470a025c0d28c76aa225ee9e65028d32f80032e871aa3500df61b8"]
cvxopt = ["03cce091b19f4cf9fcd4106c80d36ac2cbf5b57e8ade28496e117223e9ef71bd", "04f668758a4eec9d1a2639569563645ba5a50b3908ec16e9774605084e345ec6", "2d6e6bd4c170e34ab927e5e7f23fb056faaf2fa90c0b8e3e6c7882e1552aa397", "3951f50c8210c983692ae8bdb88fa1cf4b9baa4ce187474e506cca79b8492be2", "436f42d66291a2d7e6da804bb1062842e7b027f0e3a91387a02e54c8c99fe68d", "461c05dd69b0344ce0e4235f5f1872e8bb3170eb8fdb4e99b5c95f9f271639e8", "4b08d970ea5a318acd7e377fc9ee5d3cc1ca4f99a9114530e1bcc432d2ecbc4f", "547afe4247a6b6507cc89ded9ae08f377a296451c13a84996bd941e63ec6efd1", "5895b8fceaa72f2cdea92bfa7e9e187deb00e0ef957c2290997ede673a4db5f7", "7b18fc8023f971af79207ba62fd501db812b88aac0eaeaf610c1b471352c1a60", "8082407118f4fe27243941f0da8de7845f67c9f1bb6c764204ae5f6abc9d03d0", "8947f93f38032a4136d902f14de51218d137e2341e0d409192399096f5d73dd4", "8dd2356cde6f3ed0d349308501ba0c86a915f719352f80baa12f83514c8a37ec", "967333bedeb2b79bee913c2509befcecd8dc6a54388bb1254783208e4951b06e", "9fccc149e29854ac01b16a96f63a7145b2e6beeaec6c349d7d26d5f5ebd8d235", "a8ae5568a87ff474b6d7b90576b0c08db779f2e6b9bf29c17fe4cc82458ec7a1", "b5d250e16209560b9833d0d3317d3cad53081468a9b33d8eab3404bcd73fb4dc", "e69dec8c3b804941db662d9005adedb9a516309970447a884f850c70c40ffc09", "ea42f6e4876fe0cb5c0c71f7cf24ddcb4acd29c2c439acf159e0ee67012c4162", "ea62a2a1b8e2db3a6ae44ac394f58e4620149af226c250c6f2b18739b48cfc21"]
cvxpy = ["bb9b31e9bc97f739f1e3a49311aad4c89d087bae1980bc32b32d9ec5dacb0d86"]
dill = ["f6d6046f9f9195206063dd0415dff185ad593d6ee8b0e67f12597c0f4df4986f"]
ecos = ["1f811e7244a58a7037474b3dead85c7ffd524cf631c90584cc544e438f114cf9", "30e7e9c5ad8a012ba1f69aa6827beb99f208323f678a82fcccc30e4ab8090aad", "361758a3568eb5a3a9b37c00a22b36f9548bbd0cd21f1da904a3627285bb4274", "4b3068ef023c4f39f6c0d6fd73d27d8a8008f8b14e1f4ddd8d0f4876e841b986", "4f775caf828597d094cddae54f7ed12b4a5aa760f535a92ccabec47741e4d61c", "4fdfee011853cd07d494ef58a9299b1f0ccf0268c375109cb2b60727f746ea74", "54f7c480029fbfa738ddb8e538388868b2a17c9189a426d924ca0c36e4cbbbd5", "574fa26661d192e48551a30e217296875020fdb7eebf9a072a14d68a0b9de03a", "6b0829b76ba49f6ebf8b9512673a0b702b756704927cbb106043e1b2273dadea", "72657189f71dbde01d1df841d2139e04da17071c8d3270919c8501f239d8c8e4", "7c871b7a49a5855e7df0d60a06d0e2148a4b183d612f7db5e155988629c3ec21", "831acb6bac205025ffe87002d8f425d2764a70db3d9d053a1f7e0e50bc2a18b9", "83e90f42b3f32e2a93f255c3cfad2da78dbd859119e93844c45d2fca20bdc758", "845455f99cd579ee0cdfbcea675b4e4f7674b563e6a54a225977fc0819cda7e0", "912b17f72476aff33b32e92decd7c02ddb929db28227563b3750948783cff6f4", "94dd0f82a18550232e4924e6c42730c46d7cdc03c4e2dc889e98ec97c0f24061", "96ddc1c4e440820bb343c44785da480a64a9c468ec467b997e40f0c7d3236226", "db7433051f6072d4821ebc582e9ff853d7d631ed98770550d248eae70b29dd26", "dd9f01e28fe58894fb394931804884122606fb4e2a59d4514b803e9cd11b7d2b", "e002df0f4b6777be68c73756e60f3cf76cb5f2f7d36c4f1a482c5538aac1a287", "fb64fb29aef26474f807df4f0c198a6d192291edc9faa3bb05e3bc9b1e2b960a", "feda86ddd191b1ae34d5ea615743894d1baa800f2dbb552cb7c7095a87037831"]
fastcache = ["867005774917f999854ffd303fbe3793c30c2dc9279b78ec315dd4e57e4284e6"]
future = ["67045236dcfd6816dc439556d009594abf643e5eb48992e36beac09c2ca659b8"]
html5lib = ["20b159aa3badc9d5ee8f5c647e5efd02ed2a66ab8d354930bd9ff139fc1dc0a3", "66cb0dcfdbbc4f9c3ba1a63fdb511ffdbd4f513b2b6d81b80cd26ce6b3fb3736"]
idna = ["c357b3f628cf53ae2c4c05627ecc484553142ca23264e593d327bcde5e9c3407", "ea8b7f6188e6fa117537c3df7da9fc686d485087abf6ac197f9c46432f7e4a3c"]
jsonschema = ["000e68abd33c972a5248544925a0cae7d1125f9bf6c58280d37546b946769a08", "6ff5f3180870836cae40f06fa10419f557208175f13ad7bc26caa77beb1f6e02"]
lockfile = ["6aed02de03cba24efabcd600b30540140634fc06cfa603822d508d5361e9f799", "6c3cb24f344923d30b2785d5ad75182c8ea7ac1b6171b08657258ec7429d50fa"]
msgpack = ["26cb40116111c232bc235ce131cc3b4e76549088cb154e66a2eb8ff6fcc907ec", "300fd3f2c664a3bf473d6a952f843b4a71454f4c592ed7e74a36b205c1782d28", "3129c355342853007de4a2a86e75eab966119733eb15748819b6554363d4e85c", "31f6d645ee5a97d59d3263fab9e6be76f69fa131cddc0d94091a3c8aca30d67a", "3ce7ef7ee2546c3903ca8c934d09250531b80c6127e6478781ae31ed835aac4c", "4008c72f5ef2b7936447dcb83db41d97e9791c83221be13d5e19db0796df1972", "62bd8e43d204580308d477a157b78d3fee2fb4c15d32578108dc5d89866036c8", "70cebfe08fb32f83051971264466eadf183101e335d8107b80002e632f425511", "72cb7cf85e9df5251abd7b61a1af1fb77add15f40fa7328e924a9c0b6bc7a533", "7c55649965c35eb32c499d17dadfb8f53358b961582846e1bc06f66b9bccc556", "86b963a5de11336ec26bc4f839327673c9796b398b9f1fe6bb6150c2a5d00f0f", "8c73c9bcdfb526247c5e4f4f6cf581b9bb86b388df82cfcaffde0a6e7bf3b43a", "8e68c76c6aff4849089962d25346d6784d38e02baa23ffa513cf46be72e3a540", "97ac6b867a8f63debc64f44efdc695109d541ecc361ee2dce2c8884ab37360a1", "9d4f546af72aa001241d74a79caec278bcc007b4bcde4099994732e98012c858", "a28e69fe5468c9f5251c7e4e7232286d71b7dfadc74f312006ebe984433e9746", "fd509d4aa95404ce8d86b4e32ce66d5d706fd6646c205e1c2a715d87078683a2"]
multiprocess = ["069f8b63f296af2801fc4c616cb737f2b457e145daa83a460147502eb7f7aa0f", "08e00b3943e25d26e83ac1eb92c25be30fe2e353b73ef9f685a4c15efbf6641b", "27ffc0f3b15e9321b3b46182f1b552c147b82ab3101079d2c2e6f1ee67b7d118", "292995b5a4272350e31c4fc42b2d9fd13ffe091712858e767ab68d0ba06acaa7", "46479a327388df8e77ad268892f2e73eac06d6271189b868ce9d4f95474e58e3", "6d3117199432e7ce36103950a37980f142e11e09eb9b2415b6c6cbb1da1642d2", "f2630920fef3b3224312b315ccd26a87c0dd2c9df3288d24d04398563985847d", "f679b203a6b1766b978f579e361a96182e17e86fc8843fac5e865568d2e11d22", "fc0f82033e9e294bc3463257e1d6399da737d65c6412e6efde40228339ad0e1e"]
numpy = ["1980f8d84548d74921685f68096911585fee393975f53797614b34d4f409b6da", "22752cd809272671b273bb86df0f505f505a12368a3a5fc0aa811c7ece4dfd5c", "23cc40313036cffd5d1873ef3ce2e949bdee0646c5d6f375bf7ee4f368db2511", "2b0b118ff547fecabc247a2668f48f48b3b1f7d63676ebc5be7352a5fd9e85a5", "3a0bd1edf64f6a911427b608a894111f9fcdb25284f724016f34a84c9a3a6ea9", "3f25f6c7b0d000017e5ac55977a3999b0b1a74491eacb3c1aa716f0e01f6dcd1", "4061c79ac2230594a7419151028e808239450e676c39e58302ad296232e3c2e8", "560ceaa24f971ab37dede7ba030fc5d8fa173305d94365f814d9523ffd5d5916", "62be044cd58da2a947b7e7b2252a10b42920df9520fc3d39f5c4c70d5460b8ba", "6c692e3879dde0b67a9dc78f9bfb6f61c666b4562fd8619632d7043fb5b691b0", "6f65e37b5a331df950ef6ff03bd4136b3c0bbcf44d4b8e99135d68a537711b5a", "7a78cc4ddb253a55971115f8320a7ce28fd23a065fc33166d601f51760eecfa9", "80a41edf64a3626e729a62df7dd278474fc1726836552b67a8c6396fd7e86760", "893f4d75255f25a7b8516feb5766c6b63c54780323b9bd4bc51cdd7efc943c73", "972ea92f9c1b54cc1c1a3d8508e326c0114aaf0f34996772a30f3f52b73b942f", "9f1d4865436f794accdabadc57a8395bd3faa755449b4f65b88b7df65ae05f89", "9f4cd7832b35e736b739be03b55875706c8c3e5fe334a06210f1a61e5c2c8ca5", "adab43bf657488300d3aeeb8030d7f024fcc86e3a9b8848741ea2ea903e56610", "bd2834d496ba9b1bdda3a6cf3de4dc0d4a0e7be306335940402ec95132ad063d", "d20c0360940f30003a23c0adae2fe50a0a04f3e48dc05c298493b51fd6280197", "d3b3ed87061d2314ff3659bb73896e622252da52558f2380f12c421fbdee3d89", "dc235bf29a406dfda5790d01b998a1c01d7d37f449128c0b1b7d1c89a84fae8b", "fb3c83554f39f48f3fa3123b9c24aecf681b1c289f9334f8215c1d3c8e2f6e5b"]
osqp = ["02dbcd69dbe07204142909a4bf99df374dae993583f3bc766b2bf8871ae2536f", "1f604f4927b375778570aa6d758c38ff61117fcbd8478fa0563a96662acb1a0b", "2cfa4eba7f92ad6996c3ace35fd82587686521cfbb23f82841636e64fe5b56f0", "39bd29fd23bbdd0a7766e4f90d330ff3cb76a7c2737519a2a307c3dfe3603015", "3a6cb649373f9c7179ba5645656d4eed804d555d87908006c4ae4db413ab3f9c", "3c49c3fd8fcda226407f1deb5326cd6d3951abe64ff86e7fca65c4c533993158", "50c2f70ec4cda87d21f18eb7e6e75f61102daf218c276e4e7bbba951be20481d", "6aa0b91c50ad5d7ab0403031552221e1a1f51fcdb5860ffddbd9c40627299846", "7439a1318f6509be5f49bd0249c15f3ad3b1754f729d4e00c379417058fc5357", "86417db99dc6cac26d7cc3ee53a7936fbe7387b87309b5e2fa6e4fff2445c9c9", "86d58b5a9f8f4dc6fd1dcb02fbb29be8c3bcae59b85620d174c88125d953707d", "86f448a71d35e3156c46efb8d9ccde8253e5858c0c483c1454df473546b60496", "8c46d87410eb4bacdd3211899be2b03fd318751c65de8d9e8ad15bcfe7ee9faf", "9cb4809fbe1afeb9cba17e7f62028de47dae22360abf55e8a29663f856c23e2a", "a7d8e28dc4c5490d4b35a88c17167c5b75ccd2e495dd5ac99fa3d510c1cfccef", "b17c6b28455bf7e3e52209c1ce48b74f86a5bc781104492d344ff93c41930b10", "c5dc13677ecd6def58c0c95f5e0afef9254531ba8c5d65efad940013622b45dd", "cc7cc1a99c54c6f192bdccba0fb263cf8cef3084a2918d3d67109db92e5148e9", "da0424e542a137629a863f71158f8a2fec1def9983c06d969891ef5ae170fc9f", "ded0027a08e2c9572a280fcd6cca9d4ed2f1c50fb80585453be4290062a6e909", "e801b30a8f7c6d51723e8275b6c143b2154d946423b6cb2b973db027b7a9955b", "eda282626fee5e9050cdb09934a91726ec39070da07d5f92b888a4d56404539b", "f14800074b44b54237ff3b892c5ccd7788e739774b739a11cfed9b44466c0471"]
pastel = ["3108af417ec0fa6d0a620e676ec4f02c839ca13e10611586e5d2174b46aa0bc3", "d1fee8079534f99f1805a044fef946d23eee6d6a7cd34292c30e6c16be9a80b9"]
pkginfo = ["7424f2c8511c186cd5424bbf31045b77435b37a8d604990b79d4e70d741148bb", "a6d9e40ca61ad3ebd0b72fbadd4fba16e4c0e4df0428c041e01e06eb6ee71f32"]
poetry = ["ba2ecd69f2ac3d3b35322bb8620365e2beb49adbd5381613f6994b8c684475a2", "f4cebeff786759dd0060c248a44d3a5a3f50dbf99d0ed2878c117828b9db71dd"]
pylev = ["063910098161199b81e453025653ec53556c1be7165a9b7c50be2f4d57eae1c3", "1d29a87beb45ebe1e821e7a3b10da2b6b2f4c79b43f482c2df1a1f748a6e114e"]
pyparsing = ["66c9268862641abcac4a96ba74506e594c884e3f57690a696d21ad8210ed667a", "f6c5ef0d7480ad048c054c37632c67fca55299990fff127850181659eea33fc3"]
pyrsistent = ["3ca82748918eb65e2d89f222b702277099aca77e34843c5eb9d52451173970e2"]
requests = ["502a824f31acdacb3a35b6690b5fbf0bc41d63a24a45c4004352b0242707598e", "7bf2a778576d825600030a110f3c0e3e8edc51dfaafe1c146e39a2027784957b"]
requests-toolbelt = ["42c9c170abc2cacb78b8ab23ac957945c7716249206f90874651971a4acff237", "f6a531936c6fa4c6cfce1b9c10d5c4f498d16528d2a54a22ca00011205a187b5"]
scipy = ["014cb900c003b5ac81a53f2403294e8ecf37aedc315b59a6b9370dce0aa7627a", "281a34da34a5e0de42d26aed692ab710141cad9d5d218b20643a9cb538ace976", "588f9cc4bfab04c45fbd19c1354b5ade377a8124d6151d511c83730a9b6b2338", "5a10661accd36b6e2e8855addcf3d675d6222006a15795420a39c040362def66", "628f60be272512ca1123524969649a8cb5ae8b31cca349f7c6f8903daf9034d7", "6dcc43a88e25b815c2dea1c6fac7339779fc988f5df8396e1de01610604a7c38", "70e37cec0ac0fe95c85b74ca4e0620169590fd5d3f44765f3c3a532cedb0e5fd", "7274735fb6fb5d67d3789ddec2cd53ed6362539b41aa6cc0d33a06c003aaa390", "78e12972e144da47326958ac40c2bd1c1cca908edc8b01c26a36f9ffd3dce466", "790cbd3c8d09f3a6d9c47c4558841e25bac34eb7a0864a9def8f26be0b8706af", "79792c8fe8e9d06ebc50fe23266522c8c89f20aa94ac8e80472917ecdce1e5ba", "865afedf35aaef6df6344bee0de391ee5e99d6e802950a237f9fb9b13e441f91", "870fd401ec7b64a895cff8e206ee16569158db00254b2f7157b4c9a5db72c722", "963815c226b29b0176d5e3d37fc9de46e2778ce4636a5a7af11a48122ef2577c", "9726791484f08e394af0b59eb80489ad94d0a53bbb58ab1837dcad4d58489863", "9de84a71bb7979aa8c089c4fb0ea0e2ed3917df3fb2a287a41aaea54bbad7f5d", "b2c324ddc5d6dbd3f13680ad16a29425841876a84a1de23a984236d1afff4fa6", "b86ae13c597fca087cb8c193870507c8916cefb21e52e1897da320b5a35075e5", "ba0488d4dbba2af5bf9596b849873102d612e49a118c512d9d302ceafa36e01a", "d78702af4102a3a4e23bb7372cec283e78f32f5573d92091aa6aaba870370fe1", "def0e5d681dd3eb562b059d355ae8bebe27f5cc455ab7c2b6655586b63d3a8ea", "e085d1babcb419bbe58e2e805ac61924dac4ca45a07c9fa081144739e500aa3c", "e2cfcbab37c082a5087aba5ff00209999053260441caadd4f0e8f4c2d6b72088", "e742f1f5dcaf222e8471c37ee3d1fd561568a16bb52e031c25674ff1cf9702d5", "f06819b028b8ef9010281e74c59cb35483933583043091ed6b261bb1540f11cc", "f15f2d60a11c306de7700ee9f65df7e9e463848dbea9c8051e293b704038da60", "f31338ee269d201abe76083a990905473987371ff6f3fdb76a3f9073a361cf37", "f6b88c8d302c3dac8dff7766955e38d670c82e0d79edfc7eae47d6bb2c186594"]
scs = ["9efabdd9e3057a392c5631f8291365df685f94868812c2487b1355a38b376bad", "c468a475c49327599d9e89fa1aff1ba6196cc967df5364d74db66de4fceab65a"]
six = ["3350809f0555b11f552448330d0b52d5f24c91a322ea4a15ef22629740f3761c", "d16a0141ec1a18405cd4ce8b4613101da75da0e9a7aec5bdd4fa804d0e0eba73"]
toml = ["380178cde50a6a79f9d2cf6f42a62a5174febe5eea4126fe4038785f1d888d42", "a7901919d3e4f92ffba7ff40a9d697e35bbbc8a8049fe8da742f34c83606d957"]
tqdm = ["d385c95361699e5cf7622485d9b9eae2d4864b21cd5a2374a9c381ffed701021", "e22977e3ebe961f72362f6ddfb9197cc531c9737aaf5f607ef09740c849ecd05"]
urllib3 = ["61bf29cada3fc2fbefad4fdf059ea4bd1b4a86d2b6d15e1c7c0b582b9752fe39", "de9529817c93f27c8ccbfead6985011db27bd0ddfcdb2d86f3f663385c6a9c22"]
webencodings = ["a0af1213f3c2226497a97e2b3aa01a7e4bee4f403f95be16fc9acd2947514a78", "b36a1c245f2d304965eb4e0a82848379241dc04b865afcc4aab16748587e1923"]
